# THIS IS AN AUTOGENERATED FILE. DO NOT EDIT THIS FILE DIRECTLY.
# yarn lockfile v1


clsx@^2.1.1:
  version "2.1.1"
  resolved "https://registry.yarnpkg.com/clsx/-/clsx-2.1.1.tgz#eed397c9fd8bd882bfb18deab7102049a2f32999"
  integrity sha512-eYm0QWBtUrBWZWG0d386OGAw16Z995PiOVo2B7bjWSbHedGl5e0ZWaq65kOGgUSNesEIDkB9ISbTg/JK9dhCZA==

react-toastify@^11.0.3:
  version "11.0.3"
  resolved "https://registry.yarnpkg.com/react-toastify/-/react-toastify-11.0.3.tgz#1684de60baf745e761d3c608bb29581657e2fe01"
  integrity sha512-cbPtHJPfc0sGqVwozBwaTrTu1ogB9+BLLjd4dDXd863qYLj7DGrQ2sg5RAChjFUB4yc3w8iXOtWcJqPK/6xqRQ==
  dependencies:
    clsx "^2.1.1"
